
Microsoft Visual Studio Solution File, Format Version 12.00
# Visual Studio 15
Project("{FAE04EC0-301F-11D3-BF4B-00C04F79EFBC}") = "Assembly-CSharp", "Assembly-CSharp.csproj", "{04DECC6D-93A2-6FBB-1BBA-72A769518BB9}"
EndProject
Project("{FAE04EC0-301F-11D3-BF4B-00C04F79EFBC}") = "Assembly-CSharp-Editor", "Assembly-CSharp-Editor.csproj", "{1EF1590A-9176-E600-487A-F0E6473BC54A}"
EndProject
Global
	GlobalSection(SolutionConfigurationPlatforms) = preSolution
		Debug|Any CPU = Debug|Any CPU
		Release|Any CPU = Release|Any CPU
	EndGlobalSection
	GlobalSection(ProjectConfigurationPlatforms) = postSolution
		{04DECC6D-93A2-6FBB-1BBA-72A769518BB9}.Debug|Any CPU.ActiveCfg = Debug|Any CPU
		{04DECC6D-93A2-6FBB-1BBA-72A769518BB9}.Debug|Any CPU.Build.0 = Debug|Any CPU
		{04DECC6D-93A2-6FBB-1BBA-72A769518BB9}.Release|Any CPU.ActiveCfg = Release|Any CPU
		{04DECC6D-93A2-6FBB-1BBA-72A769518BB9}.Release|Any CPU.Build.0 = Release|Any CPU
		{1EF1590A-9176-E600-487A-F0E6473BC54A}.Debug|Any CPU.ActiveCfg = Debug|Any CPU
		{1EF1590A-9176-E600-487A-F0E6473BC54A}.Debug|Any CPU.Build.0 = Debug|Any CPU
		{1EF1590A-9176-E600-487A-F0E6473BC54A}.Release|Any CPU.ActiveCfg = Release|Any CPU
		{1EF1590A-9176-E600-487A-F0E6473BC54A}.Release|Any CPU.Build.0 = Release|Any CPU
	EndGlobalSection
	GlobalSection(SolutionProperties) = preSolution
		HideSolutionNode = FALSE
	EndGlobalSection
EndGlobal
