
Microsoft Visual Studio Solution File, Format Version 12.00
# Visual Studio 15
Project("{FAE04EC0-301F-11D3-BF4B-00C04F79EFBC}") = "Assembly-CSharp", "Assembly-CSharp.csproj", "{F65A9391-D571-F231-9799-15C27E96A1E9}"
EndProject
Project("{FAE04EC0-301F-11D3-BF4B-00C04F79EFBC}") = "Assembly-CSharp-Editor", "Assembly-CSharp-Editor.csproj", "{042CA4BE-1992-2B2F-DE84-B4E9D8636F30}"
EndProject
Global
	GlobalSection(SolutionConfigurationPlatforms) = preSolution
		Debug|Any CPU = Debug|Any CPU
		Release|Any CPU = Release|Any CPU
	EndGlobalSection
	GlobalSection(ProjectConfigurationPlatforms) = postSolution
		{F65A9391-D571-F231-9799-15C27E96A1E9}.Debug|Any CPU.ActiveCfg = Debug|Any CPU
		{F65A9391-D571-F231-9799-15C27E96A1E9}.Debug|Any CPU.Build.0 = Debug|Any CPU
		{F65A9391-D571-F231-9799-15C27E96A1E9}.Release|Any CPU.ActiveCfg = Release|Any CPU
		{F65A9391-D571-F231-9799-15C27E96A1E9}.Release|Any CPU.Build.0 = Release|Any CPU
		{042CA4BE-1992-2B2F-DE84-B4E9D8636F30}.Debug|Any CPU.ActiveCfg = Debug|Any CPU
		{042CA4BE-1992-2B2F-DE84-B4E9D8636F30}.Debug|Any CPU.Build.0 = Debug|Any CPU
		{042CA4BE-1992-2B2F-DE84-B4E9D8636F30}.Release|Any CPU.ActiveCfg = Release|Any CPU
		{042CA4BE-1992-2B2F-DE84-B4E9D8636F30}.Release|Any CPU.Build.0 = Release|Any CPU
	EndGlobalSection
	GlobalSection(SolutionProperties) = preSolution
		HideSolutionNode = FALSE
	EndGlobalSection
EndGlobal
